
Microsoft Visual Studio Solution File, Format Version 12.00
# Visual Studio Version 16
VisualStudioVersion = 16.0.32002.261
MinimumVisualStudioVersion = 10.0.40219.1
Project("{9A19103F-16F7-4668-BE54-9A1E7A4F7556}") = "Endpoint", "Twitter\Endpoint.csproj", "{36EFB46A-1922-40E5-9183-78E7BE3F5E87}"
EndProject
Project("{2150E333-8FDC-42A3-9474-1A3956D46DE8}") = "Twitter", "Twitter", "{C0861275-A028-4806-8A68-8703B95B274C}"
EndProject
Project("{2150E333-8FDC-42A3-9474-1A3956D46DE8}") = "Application", "Application", "{6234D50D-FA5B-47D1-B0E1-33B1ADE94327}"
EndProject
Project("{2150E333-8FDC-42A3-9474-1A3956D46DE8}") = "Core", "Core", "{8BD8A637-0B68-4B2A-B6FD-31EDEBF57C79}"
EndProject
Project("{2150E333-8FDC-42A3-9474-1A3956D46DE8}") = "Infrastructure", "Infrastructure", "{FB3C54E7-7732-45FD-BFBE-BE6453B6CB15}"
EndProject
Project("{2150E333-8FDC-42A3-9474-1A3956D46DE8}") = "Presentation", "Presentation", "{3B7589C7-F80B-472F-9DD8-D120A2F9B486}"
EndProject
Project("{9A19103F-16F7-4668-BE54-9A1E7A4F7556}") = "Application", "Application\Application.csproj", "{7ECEF451-8A0C-44BE-836E-3542BD298B93}"
EndProject
Project("{9A19103F-16F7-4668-BE54-9A1E7A4F7556}") = "Core", "Core\Core.csproj", "{159D3D1F-B2FC-4FB7-99AC-6C79E80C61DC}"
EndProject
Project("{9A19103F-16F7-4668-BE54-9A1E7A4F7556}") = "Infrastructure", "Infrastructure\Infrastructure.csproj", "{D91854DC-DB7E-45A4-B52F-90E74594F126}"
EndProject
Global
	GlobalSection(SolutionConfigurationPlatforms) = preSolution
		Debug|Any CPU = Debug|Any CPU
		Release|Any CPU = Release|Any CPU
	EndGlobalSection
	GlobalSection(ProjectConfigurationPlatforms) = postSolution
		{36EFB46A-1922-40E5-9183-78E7BE3F5E87}.Debug|Any CPU.ActiveCfg = Debug|Any CPU
		{36EFB46A-1922-40E5-9183-78E7BE3F5E87}.Debug|Any CPU.Build.0 = Debug|Any CPU
		{36EFB46A-1922-40E5-9183-78E7BE3F5E87}.Release|Any CPU.ActiveCfg = Release|Any CPU
		{36EFB46A-1922-40E5-9183-78E7BE3F5E87}.Release|Any CPU.Build.0 = Release|Any CPU
		{7ECEF451-8A0C-44BE-836E-3542BD298B93}.Debug|Any CPU.ActiveCfg = Debug|Any CPU
		{7ECEF451-8A0C-44BE-836E-3542BD298B93}.Debug|Any CPU.Build.0 = Debug|Any CPU
		{7ECEF451-8A0C-44BE-836E-3542BD298B93}.Release|Any CPU.ActiveCfg = Release|Any CPU
		{7ECEF451-8A0C-44BE-836E-3542BD298B93}.Release|Any CPU.Build.0 = Release|Any CPU
		{159D3D1F-B2FC-4FB7-99AC-6C79E80C61DC}.Debug|Any CPU.ActiveCfg = Debug|Any CPU
		{159D3D1F-B2FC-4FB7-99AC-6C79E80C61DC}.Debug|Any CPU.Build.0 = Debug|Any CPU
		{159D3D1F-B2FC-4FB7-99AC-6C79E80C61DC}.Release|Any CPU.ActiveCfg = Release|Any CPU
		{159D3D1F-B2FC-4FB7-99AC-6C79E80C61DC}.Release|Any CPU.Build.0 = Release|Any CPU
		{D91854DC-DB7E-45A4-B52F-90E74594F126}.Debug|Any CPU.ActiveCfg = Debug|Any CPU
		{D91854DC-DB7E-45A4-B52F-90E74594F126}.Debug|Any CPU.Build.0 = Debug|Any CPU
		{D91854DC-DB7E-45A4-B52F-90E74594F126}.Release|Any CPU.ActiveCfg = Release|Any CPU
		{D91854DC-DB7E-45A4-B52F-90E74594F126}.Release|Any CPU.Build.0 = Release|Any CPU
	EndGlobalSection
	GlobalSection(SolutionProperties) = preSolution
		HideSolutionNode = FALSE
	EndGlobalSection
	GlobalSection(NestedProjects) = preSolution
		{36EFB46A-1922-40E5-9183-78E7BE3F5E87} = {3B7589C7-F80B-472F-9DD8-D120A2F9B486}
		{6234D50D-FA5B-47D1-B0E1-33B1ADE94327} = {C0861275-A028-4806-8A68-8703B95B274C}
		{8BD8A637-0B68-4B2A-B6FD-31EDEBF57C79} = {C0861275-A028-4806-8A68-8703B95B274C}
		{FB3C54E7-7732-45FD-BFBE-BE6453B6CB15} = {C0861275-A028-4806-8A68-8703B95B274C}
		{3B7589C7-F80B-472F-9DD8-D120A2F9B486} = {C0861275-A028-4806-8A68-8703B95B274C}
		{7ECEF451-8A0C-44BE-836E-3542BD298B93} = {6234D50D-FA5B-47D1-B0E1-33B1ADE94327}
		{159D3D1F-B2FC-4FB7-99AC-6C79E80C61DC} = {8BD8A637-0B68-4B2A-B6FD-31EDEBF57C79}
		{D91854DC-DB7E-45A4-B52F-90E74594F126} = {FB3C54E7-7732-45FD-BFBE-BE6453B6CB15}
	EndGlobalSection
	GlobalSection(ExtensibilityGlobals) = postSolution
		SolutionGuid = {02D97BE6-80B6-4E12-AAF8-7BA5B33845B0}
	EndGlobalSection
EndGlobal
